
Microsoft Visual Studio Solution File, Format Version 11.00
# Visual Studio 2010
Project("{2150E333-8FDC-42A3-9474-1A3956D46DE8}") = "Build", "Build", "{6CEB3EDE-9F02-4F4F-BD8A-1B2939C1AE6E}"
	ProjectSection(SolutionItems) = preProject
		..\build\build.bat = ..\build\build.bat
		..\NuGet\NuGetPack.cmd = ..\NuGet\NuGetPack.cmd
		..\NuGet\ServiceStack.OrmLite.Sqlite32\servicestack.ormlite.sqlite32.nuspec = ..\NuGet\ServiceStack.OrmLite.Sqlite32\servicestack.ormlite.sqlite32.nuspec
		..\NuGet\ServiceStack.OrmLite.Sqlite64\servicestack.ormlite.sqlite64.nuspec = ..\NuGet\ServiceStack.OrmLite.Sqlite64\servicestack.ormlite.sqlite64.nuspec
		..\NuGet\ServiceStack.OrmLite.SqlServer\servicestack.ormlite.sqlserver.nuspec = ..\NuGet\ServiceStack.OrmLite.SqlServer\servicestack.ormlite.sqlserver.nuspec
	EndProjectSection
EndProject
Project("{FAE04EC0-301F-11D3-BF4B-00C04F79EFBC}") = "ServiceStack.OrmLite.Sqlite", "ServiceStack.OrmLite.Sqlite\ServiceStack.OrmLite.Sqlite.csproj", "{CF68A37D-D071-469D-AE04-68594CB95382}"
EndProject
Project("{FAE04EC0-301F-11D3-BF4B-00C04F79EFBC}") = "ServiceStack.OrmLite", "ServiceStack.OrmLite\ServiceStack.OrmLite.csproj", "{96179AC6-F6F1-40C3-9FDD-4F6582F54C5C}"
EndProject
Project("{FAE04EC0-301F-11D3-BF4B-00C04F79EFBC}") = "ServiceStack.OrmLite.SqlServer", "ServiceStack.OrmLite.SqlServer\ServiceStack.OrmLite.SqlServer.csproj", "{1887DC99-9139-43E3-A7AA-6D74714B3A5D}"
EndProject
Project("{FAE04EC0-301F-11D3-BF4B-00C04F79EFBC}") = "ServiceStack.OrmLite.Tests", "..\tests\ServiceStack.OrmLite.Tests\ServiceStack.OrmLite.Tests.csproj", "{9B64F4A7-C008-46A8-AD6F-99626DCFEFBD}"
EndProject
Project("{FAE04EC0-301F-11D3-BF4B-00C04F79EFBC}") = "ServiceStack.OrmLite.TestsPerf", "..\tests\ServiceStack.OrmLite.TestsPerf\ServiceStack.OrmLite.TestsPerf.csproj", "{24E0D2DB-1F1E-43BE-83DB-B999ACE5A700}"
EndProject
Project("{FAE04EC0-301F-11D3-BF4B-00C04F79EFBC}") = "ServiceStack.OrmLite.Sqlite64", "ServiceStack.OrmLite.Sqlite64\ServiceStack.OrmLite.Sqlite64.csproj", "{59E6B217-24AD-4F55-B032-FCD0090CD300}"
EndProject
Project("{FAE04EC0-301F-11D3-BF4B-00C04F79EFBC}") = "ServiceStack.OrmLite.Sqlite64Tests", "..\tests\ServiceStack.OrmLite.Sqlite64Tests\ServiceStack.OrmLite.Sqlite64Tests.csproj", "{1B97B329-8B70-4034-A2C9-35BF5DF428DC}"
EndProject
Project("{FAE04EC0-301F-11D3-BF4B-00C04F79EFBC}") = "ServiceStack.OrmLite.Sqlite32", "ServiceStack.OrmLite.Sqlite32\ServiceStack.OrmLite.Sqlite32.csproj", "{EAA0F35E-66CD-4B3D-BB17-7CE8EDE83AE7}"
EndProject
Project("{FAE04EC0-301F-11D3-BF4B-00C04F79EFBC}") = "ServiceStack.OrmLite.Sqlite32Tests", "..\tests\ServiceStack.OrmLite.Sqlite32Tests\ServiceStack.OrmLite.Sqlite32Tests.csproj", "{956FD518-A6CC-46B1-A93A-1C92779BF942}"
EndProject
Project("{FAE04EC0-301F-11D3-BF4B-00C04F79EFBC}") = "SqlMapper", "dapper-dot-net\SqlMapper.csproj", "{A2A80512-11F4-4028-A995-505463632C84}"
EndProject
Project("{FAE04EC0-301F-11D3-BF4B-00C04F79EFBC}") = "ServiceStack.OrmLite.SqlServerTests", "ServiceStack.OrmLite.SqlServerTests\ServiceStack.OrmLite.SqlServerTests.csproj", "{96793C11-2A99-4217-8946-3E0DB9534A4D}"
EndProject
Project("{FAE04EC0-301F-11D3-BF4B-00C04F79EFBC}") = "ServiceStack.OrmLite.Firebird", "ServiceStack.OrmLite.Firebird\ServiceStack.OrmLite.Firebird.csproj", "{317B64BA-D7A6-4A15-8719-821B38147C63}"
EndProject
Project("{2150E333-8FDC-42A3-9474-1A3956D46DE8}") = "FirebirdTests", "FirebirdTests", "{AA7D8994-D1CA-484E-B3A4-EF6044CBE9BB}"
EndProject
Project("{FAE04EC0-301F-11D3-BF4B-00C04F79EFBC}") = "TestLiteFirebird01", "FirebirdTests\TestSimpleFirebird01\TestLiteFirebird01.csproj", "{1E5BEEEC-9A28-4BCC-B6DD-9B342C3F3003}"
EndProject
Project("{FAE04EC0-301F-11D3-BF4B-00C04F79EFBC}") = "TestSimpleFirebirdProcedures", "FirebirdTests\TestSimpleFirebirdProcedures\TestSimpleFirebirdProcedures.csproj", "{60B6BD41-6415-418E-A71F-FB6622C379D9}"
EndProject
Project("{FAE04EC0-301F-11D3-BF4B-00C04F79EFBC}") = "TestLiteFirebird02", "FirebirdTests\TestSimpleFirebird02\TestLiteFirebird02.csproj", "{924A8BBF-4D88-41A3-9F83-4332B0019D0C}"
EndProject
Project("{FAE04EC0-301F-11D3-BF4B-00C04F79EFBC}") = "TestSimpleFirebird03", "FirebirdTests\TestSimpleFirebird03\TestSimpleFirebird03.csproj", "{E4489930-7E42-43B8-93C3-7E1974845D88}"
EndProject
Project("{FAE04EC0-301F-11D3-BF4B-00C04F79EFBC}") = "TestLiteFirebird00", "FirebirdTests\TestLiteFirebird00\TestLiteFirebird00.csproj", "{83CEE527-DC55-4AB1-82FC-B90F17AB0E66}"
EndProject
Project("{FAE04EC0-301F-11D3-BF4B-00C04F79EFBC}") = "ServiceStack.OrmLite.FirebirdTests", "..\tests\ServiceStack.OrmLite.FirebirdTests\ServiceStack.OrmLite.FirebirdTests.csproj", "{CB988768-7753-4EF2-8C06-6A74B384C78E}"
EndProject
Global
	GlobalSection(SolutionConfigurationPlatforms) = preSolution
		Debug|Any CPU = Debug|Any CPU
		Debug|Mixed Platforms = Debug|Mixed Platforms
		Debug|x86 = Debug|x86
		MonoTouch|Any CPU = MonoTouch|Any CPU
		MonoTouch|Mixed Platforms = MonoTouch|Mixed Platforms
		MonoTouch|x86 = MonoTouch|x86
		Release|Any CPU = Release|Any CPU
		Release|Mixed Platforms = Release|Mixed Platforms
		Release|x86 = Release|x86
		STATIC_ONLY NO_EXPRESSIONS|Any CPU = STATIC_ONLY NO_EXPRESSIONS|Any CPU
		STATIC_ONLY NO_EXPRESSIONS|Mixed Platforms = STATIC_ONLY NO_EXPRESSIONS|Mixed Platforms
		STATIC_ONLY NO_EXPRESSIONS|x86 = STATIC_ONLY NO_EXPRESSIONS|x86
		Default|Any CPU = Default|Any CPU
	EndGlobalSection
	GlobalSection(ProjectConfigurationPlatforms) = postSolution
		{1887DC99-9139-43E3-A7AA-6D74714B3A5D}.Debug|Any CPU.ActiveCfg = Debug|Any CPU
		{1887DC99-9139-43E3-A7AA-6D74714B3A5D}.Debug|Any CPU.Build.0 = Debug|Any CPU
		{1887DC99-9139-43E3-A7AA-6D74714B3A5D}.Debug|Mixed Platforms.ActiveCfg = Debug|Any CPU
		{1887DC99-9139-43E3-A7AA-6D74714B3A5D}.Debug|Mixed Platforms.Build.0 = Debug|Any CPU
		{1887DC99-9139-43E3-A7AA-6D74714B3A5D}.Debug|x86.ActiveCfg = Debug|Any CPU
		{1887DC99-9139-43E3-A7AA-6D74714B3A5D}.MonoTouch|Any CPU.ActiveCfg = Release|Any CPU
		{1887DC99-9139-43E3-A7AA-6D74714B3A5D}.MonoTouch|Any CPU.Build.0 = Release|Any CPU
		{1887DC99-9139-43E3-A7AA-6D74714B3A5D}.MonoTouch|Mixed Platforms.ActiveCfg = Release|Any CPU
		{1887DC99-9139-43E3-A7AA-6D74714B3A5D}.MonoTouch|Mixed Platforms.Build.0 = Release|Any CPU
		{1887DC99-9139-43E3-A7AA-6D74714B3A5D}.MonoTouch|x86.ActiveCfg = Release|Any CPU
		{1887DC99-9139-43E3-A7AA-6D74714B3A5D}.Release|Any CPU.ActiveCfg = Release|Any CPU
		{1887DC99-9139-43E3-A7AA-6D74714B3A5D}.Release|Any CPU.Build.0 = Release|Any CPU
		{1887DC99-9139-43E3-A7AA-6D74714B3A5D}.Release|Mixed Platforms.ActiveCfg = Release|Any CPU
		{1887DC99-9139-43E3-A7AA-6D74714B3A5D}.Release|Mixed Platforms.Build.0 = Release|Any CPU
		{1887DC99-9139-43E3-A7AA-6D74714B3A5D}.Release|x86.ActiveCfg = Release|Any CPU
		{1887DC99-9139-43E3-A7AA-6D74714B3A5D}.STATIC_ONLY NO_EXPRESSIONS|Any CPU.ActiveCfg = Release|Any CPU
		{1887DC99-9139-43E3-A7AA-6D74714B3A5D}.STATIC_ONLY NO_EXPRESSIONS|Any CPU.Build.0 = Release|Any CPU
		{1887DC99-9139-43E3-A7AA-6D74714B3A5D}.STATIC_ONLY NO_EXPRESSIONS|Mixed Platforms.ActiveCfg = Release|Any CPU
		{1887DC99-9139-43E3-A7AA-6D74714B3A5D}.STATIC_ONLY NO_EXPRESSIONS|Mixed Platforms.Build.0 = Release|Any CPU
		{1887DC99-9139-43E3-A7AA-6D74714B3A5D}.STATIC_ONLY NO_EXPRESSIONS|x86.ActiveCfg = Release|Any CPU
		{1B97B329-8B70-4034-A2C9-35BF5DF428DC}.Debug|Any CPU.ActiveCfg = Debug|Any CPU
		{1B97B329-8B70-4034-A2C9-35BF5DF428DC}.Debug|Any CPU.Build.0 = Debug|Any CPU
		{1B97B329-8B70-4034-A2C9-35BF5DF428DC}.Debug|Mixed Platforms.ActiveCfg = Debug|Any CPU
		{1B97B329-8B70-4034-A2C9-35BF5DF428DC}.Debug|Mixed Platforms.Build.0 = Debug|Any CPU
		{1B97B329-8B70-4034-A2C9-35BF5DF428DC}.Debug|x86.ActiveCfg = Debug|Any CPU
		{1B97B329-8B70-4034-A2C9-35BF5DF428DC}.MonoTouch|Any CPU.ActiveCfg = Release|Any CPU
		{1B97B329-8B70-4034-A2C9-35BF5DF428DC}.MonoTouch|Any CPU.Build.0 = Release|Any CPU
		{1B97B329-8B70-4034-A2C9-35BF5DF428DC}.MonoTouch|Mixed Platforms.ActiveCfg = Release|Any CPU
		{1B97B329-8B70-4034-A2C9-35BF5DF428DC}.MonoTouch|Mixed Platforms.Build.0 = Release|Any CPU
		{1B97B329-8B70-4034-A2C9-35BF5DF428DC}.MonoTouch|x86.ActiveCfg = Release|Any CPU
		{1B97B329-8B70-4034-A2C9-35BF5DF428DC}.Release|Any CPU.ActiveCfg = Release|Any CPU
		{1B97B329-8B70-4034-A2C9-35BF5DF428DC}.Release|Any CPU.Build.0 = Release|Any CPU
		{1B97B329-8B70-4034-A2C9-35BF5DF428DC}.Release|Mixed Platforms.ActiveCfg = Release|Any CPU
		{1B97B329-8B70-4034-A2C9-35BF5DF428DC}.Release|Mixed Platforms.Build.0 = Release|Any CPU
		{1B97B329-8B70-4034-A2C9-35BF5DF428DC}.Release|x86.ActiveCfg = Release|Any CPU
		{1B97B329-8B70-4034-A2C9-35BF5DF428DC}.STATIC_ONLY NO_EXPRESSIONS|Any CPU.ActiveCfg = Release|Any CPU
		{1B97B329-8B70-4034-A2C9-35BF5DF428DC}.STATIC_ONLY NO_EXPRESSIONS|Any CPU.Build.0 = Release|Any CPU
		{1B97B329-8B70-4034-A2C9-35BF5DF428DC}.STATIC_ONLY NO_EXPRESSIONS|Mixed Platforms.ActiveCfg = Release|Any CPU
		{1B97B329-8B70-4034-A2C9-35BF5DF428DC}.STATIC_ONLY NO_EXPRESSIONS|Mixed Platforms.Build.0 = Release|Any CPU
		{1B97B329-8B70-4034-A2C9-35BF5DF428DC}.STATIC_ONLY NO_EXPRESSIONS|x86.ActiveCfg = Release|Any CPU
		{1E5BEEEC-9A28-4BCC-B6DD-9B342C3F3003}.Debug|Any CPU.ActiveCfg = Debug|Any CPU
		{1E5BEEEC-9A28-4BCC-B6DD-9B342C3F3003}.Debug|Any CPU.Build.0 = Debug|Any CPU
		{1E5BEEEC-9A28-4BCC-B6DD-9B342C3F3003}.Debug|Mixed Platforms.ActiveCfg = Debug|Any CPU
		{1E5BEEEC-9A28-4BCC-B6DD-9B342C3F3003}.Debug|Mixed Platforms.Build.0 = Debug|Any CPU
		{1E5BEEEC-9A28-4BCC-B6DD-9B342C3F3003}.Debug|x86.ActiveCfg = Debug|Any CPU
		{1E5BEEEC-9A28-4BCC-B6DD-9B342C3F3003}.Debug|x86.Build.0 = Debug|Any CPU
		{1E5BEEEC-9A28-4BCC-B6DD-9B342C3F3003}.MonoTouch|Any CPU.ActiveCfg = Debug|Any CPU
		{1E5BEEEC-9A28-4BCC-B6DD-9B342C3F3003}.MonoTouch|Any CPU.Build.0 = Debug|Any CPU
		{1E5BEEEC-9A28-4BCC-B6DD-9B342C3F3003}.MonoTouch|Mixed Platforms.ActiveCfg = Debug|Any CPU
		{1E5BEEEC-9A28-4BCC-B6DD-9B342C3F3003}.MonoTouch|Mixed Platforms.Build.0 = Debug|Any CPU
		{1E5BEEEC-9A28-4BCC-B6DD-9B342C3F3003}.MonoTouch|x86.ActiveCfg = Debug|Any CPU
		{1E5BEEEC-9A28-4BCC-B6DD-9B342C3F3003}.MonoTouch|x86.Build.0 = Debug|Any CPU
		{1E5BEEEC-9A28-4BCC-B6DD-9B342C3F3003}.Release|Any CPU.ActiveCfg = Release|Any CPU
		{1E5BEEEC-9A28-4BCC-B6DD-9B342C3F3003}.Release|Any CPU.Build.0 = Release|Any CPU
		{1E5BEEEC-9A28-4BCC-B6DD-9B342C3F3003}.Release|Mixed Platforms.ActiveCfg = Release|Any CPU
		{1E5BEEEC-9A28-4BCC-B6DD-9B342C3F3003}.Release|Mixed Platforms.Build.0 = Release|Any CPU
		{1E5BEEEC-9A28-4BCC-B6DD-9B342C3F3003}.Release|x86.ActiveCfg = Release|Any CPU
		{1E5BEEEC-9A28-4BCC-B6DD-9B342C3F3003}.Release|x86.Build.0 = Release|Any CPU
		{1E5BEEEC-9A28-4BCC-B6DD-9B342C3F3003}.STATIC_ONLY NO_EXPRESSIONS|Any CPU.ActiveCfg = Debug|Any CPU
		{1E5BEEEC-9A28-4BCC-B6DD-9B342C3F3003}.STATIC_ONLY NO_EXPRESSIONS|Any CPU.Build.0 = Debug|Any CPU
		{1E5BEEEC-9A28-4BCC-B6DD-9B342C3F3003}.STATIC_ONLY NO_EXPRESSIONS|Mixed Platforms.ActiveCfg = Debug|Any CPU
		{1E5BEEEC-9A28-4BCC-B6DD-9B342C3F3003}.STATIC_ONLY NO_EXPRESSIONS|Mixed Platforms.Build.0 = Debug|Any CPU
		{1E5BEEEC-9A28-4BCC-B6DD-9B342C3F3003}.STATIC_ONLY NO_EXPRESSIONS|x86.ActiveCfg = Debug|Any CPU
		{1E5BEEEC-9A28-4BCC-B6DD-9B342C3F3003}.STATIC_ONLY NO_EXPRESSIONS|x86.Build.0 = Debug|Any CPU
		{24E0D2DB-1F1E-43BE-83DB-B999ACE5A700}.Debug|Any CPU.ActiveCfg = Debug|Any CPU
		{24E0D2DB-1F1E-43BE-83DB-B999ACE5A700}.Debug|Any CPU.Build.0 = Debug|Any CPU
		{24E0D2DB-1F1E-43BE-83DB-B999ACE5A700}.Debug|Mixed Platforms.ActiveCfg = Debug|Any CPU
		{24E0D2DB-1F1E-43BE-83DB-B999ACE5A700}.Debug|Mixed Platforms.Build.0 = Debug|Any CPU
		{24E0D2DB-1F1E-43BE-83DB-B999ACE5A700}.Debug|x86.ActiveCfg = Debug|Any CPU
		{24E0D2DB-1F1E-43BE-83DB-B999ACE5A700}.MonoTouch|Any CPU.ActiveCfg = Release|Any CPU
		{24E0D2DB-1F1E-43BE-83DB-B999ACE5A700}.MonoTouch|Any CPU.Build.0 = Release|Any CPU
		{24E0D2DB-1F1E-43BE-83DB-B999ACE5A700}.MonoTouch|Mixed Platforms.ActiveCfg = Release|Any CPU
		{24E0D2DB-1F1E-43BE-83DB-B999ACE5A700}.MonoTouch|Mixed Platforms.Build.0 = Release|Any CPU
		{24E0D2DB-1F1E-43BE-83DB-B999ACE5A700}.MonoTouch|x86.ActiveCfg = Release|Any CPU
		{24E0D2DB-1F1E-43BE-83DB-B999ACE5A700}.Release|Any CPU.ActiveCfg = Release|Any CPU
		{24E0D2DB-1F1E-43BE-83DB-B999ACE5A700}.Release|Any CPU.Build.0 = Release|Any CPU
		{24E0D2DB-1F1E-43BE-83DB-B999ACE5A700}.Release|Mixed Platforms.ActiveCfg = Release|Any CPU
		{24E0D2DB-1F1E-43BE-83DB-B999ACE5A700}.Release|Mixed Platforms.Build.0 = Release|Any CPU
		{24E0D2DB-1F1E-43BE-83DB-B999ACE5A700}.Release|x86.ActiveCfg = Release|Any CPU
		{24E0D2DB-1F1E-43BE-83DB-B999ACE5A700}.STATIC_ONLY NO_EXPRESSIONS|Any CPU.ActiveCfg = Release|Any CPU
		{24E0D2DB-1F1E-43BE-83DB-B999ACE5A700}.STATIC_ONLY NO_EXPRESSIONS|Any CPU.Build.0 = Release|Any CPU
		{24E0D2DB-1F1E-43BE-83DB-B999ACE5A700}.STATIC_ONLY NO_EXPRESSIONS|Mixed Platforms.ActiveCfg = Release|Any CPU
		{24E0D2DB-1F1E-43BE-83DB-B999ACE5A700}.STATIC_ONLY NO_EXPRESSIONS|Mixed Platforms.Build.0 = Release|Any CPU
		{24E0D2DB-1F1E-43BE-83DB-B999ACE5A700}.STATIC_ONLY NO_EXPRESSIONS|x86.ActiveCfg = Release|Any CPU
		{317B64BA-D7A6-4A15-8719-821B38147C63}.Debug|Any CPU.ActiveCfg = Debug|Any CPU
		{317B64BA-D7A6-4A15-8719-821B38147C63}.Debug|Any CPU.Build.0 = Debug|Any CPU
		{317B64BA-D7A6-4A15-8719-821B38147C63}.Debug|Mixed Platforms.ActiveCfg = Debug|Any CPU
		{317B64BA-D7A6-4A15-8719-821B38147C63}.Debug|Mixed Platforms.Build.0 = Debug|Any CPU
		{317B64BA-D7A6-4A15-8719-821B38147C63}.Debug|x86.ActiveCfg = Debug|Any CPU
		{317B64BA-D7A6-4A15-8719-821B38147C63}.Debug|x86.Build.0 = Debug|Any CPU
		{317B64BA-D7A6-4A15-8719-821B38147C63}.MonoTouch|Any CPU.ActiveCfg = Debug|Any CPU
		{317B64BA-D7A6-4A15-8719-821B38147C63}.MonoTouch|Any CPU.Build.0 = Debug|Any CPU
		{317B64BA-D7A6-4A15-8719-821B38147C63}.MonoTouch|Mixed Platforms.ActiveCfg = Debug|Any CPU
		{317B64BA-D7A6-4A15-8719-821B38147C63}.MonoTouch|Mixed Platforms.Build.0 = Debug|Any CPU
		{317B64BA-D7A6-4A15-8719-821B38147C63}.MonoTouch|x86.ActiveCfg = Debug|Any CPU
		{317B64BA-D7A6-4A15-8719-821B38147C63}.MonoTouch|x86.Build.0 = Debug|Any CPU
		{317B64BA-D7A6-4A15-8719-821B38147C63}.Release|Any CPU.ActiveCfg = Release|Any CPU
		{317B64BA-D7A6-4A15-8719-821B38147C63}.Release|Any CPU.Build.0 = Release|Any CPU
		{317B64BA-D7A6-4A15-8719-821B38147C63}.Release|Mixed Platforms.ActiveCfg = Release|Any CPU
		{317B64BA-D7A6-4A15-8719-821B38147C63}.Release|Mixed Platforms.Build.0 = Release|Any CPU
		{317B64BA-D7A6-4A15-8719-821B38147C63}.Release|x86.ActiveCfg = Release|Any CPU
		{317B64BA-D7A6-4A15-8719-821B38147C63}.Release|x86.Build.0 = Release|Any CPU
		{317B64BA-D7A6-4A15-8719-821B38147C63}.STATIC_ONLY NO_EXPRESSIONS|Any CPU.ActiveCfg = Debug|Any CPU
		{317B64BA-D7A6-4A15-8719-821B38147C63}.STATIC_ONLY NO_EXPRESSIONS|Any CPU.Build.0 = Debug|Any CPU
		{317B64BA-D7A6-4A15-8719-821B38147C63}.STATIC_ONLY NO_EXPRESSIONS|Mixed Platforms.ActiveCfg = Debug|Any CPU
		{317B64BA-D7A6-4A15-8719-821B38147C63}.STATIC_ONLY NO_EXPRESSIONS|Mixed Platforms.Build.0 = Debug|Any CPU
		{317B64BA-D7A6-4A15-8719-821B38147C63}.STATIC_ONLY NO_EXPRESSIONS|x86.ActiveCfg = Debug|Any CPU
		{317B64BA-D7A6-4A15-8719-821B38147C63}.STATIC_ONLY NO_EXPRESSIONS|x86.Build.0 = Debug|Any CPU
		{59E6B217-24AD-4F55-B032-FCD0090CD300}.Debug|Any CPU.ActiveCfg = Debug|Any CPU
		{59E6B217-24AD-4F55-B032-FCD0090CD300}.Debug|Any CPU.Build.0 = Debug|Any CPU
		{59E6B217-24AD-4F55-B032-FCD0090CD300}.Debug|Mixed Platforms.ActiveCfg = Debug|Any CPU
		{59E6B217-24AD-4F55-B032-FCD0090CD300}.Debug|Mixed Platforms.Build.0 = Debug|Any CPU
		{59E6B217-24AD-4F55-B032-FCD0090CD300}.Debug|x86.ActiveCfg = Debug|Any CPU
		{59E6B217-24AD-4F55-B032-FCD0090CD300}.MonoTouch|Any CPU.ActiveCfg = Release|Any CPU
		{59E6B217-24AD-4F55-B032-FCD0090CD300}.MonoTouch|Any CPU.Build.0 = Release|Any CPU
		{59E6B217-24AD-4F55-B032-FCD0090CD300}.MonoTouch|Mixed Platforms.ActiveCfg = Release|Any CPU
		{59E6B217-24AD-4F55-B032-FCD0090CD300}.MonoTouch|Mixed Platforms.Build.0 = Release|Any CPU
		{59E6B217-24AD-4F55-B032-FCD0090CD300}.MonoTouch|x86.ActiveCfg = Release|Any CPU
		{59E6B217-24AD-4F55-B032-FCD0090CD300}.Release|Any CPU.ActiveCfg = Release|Any CPU
		{59E6B217-24AD-4F55-B032-FCD0090CD300}.Release|Any CPU.Build.0 = Release|Any CPU
		{59E6B217-24AD-4F55-B032-FCD0090CD300}.Release|Mixed Platforms.ActiveCfg = Release|Any CPU
		{59E6B217-24AD-4F55-B032-FCD0090CD300}.Release|Mixed Platforms.Build.0 = Release|Any CPU
		{59E6B217-24AD-4F55-B032-FCD0090CD300}.Release|x86.ActiveCfg = Release|Any CPU
		{59E6B217-24AD-4F55-B032-FCD0090CD300}.STATIC_ONLY NO_EXPRESSIONS|Any CPU.ActiveCfg = Release|Any CPU
		{59E6B217-24AD-4F55-B032-FCD0090CD300}.STATIC_ONLY NO_EXPRESSIONS|Any CPU.Build.0 = Release|Any CPU
		{59E6B217-24AD-4F55-B032-FCD0090CD300}.STATIC_ONLY NO_EXPRESSIONS|Mixed Platforms.ActiveCfg = Release|Any CPU
		{59E6B217-24AD-4F55-B032-FCD0090CD300}.STATIC_ONLY NO_EXPRESSIONS|Mixed Platforms.Build.0 = Release|Any CPU
		{59E6B217-24AD-4F55-B032-FCD0090CD300}.STATIC_ONLY NO_EXPRESSIONS|x86.ActiveCfg = Release|Any CPU
		{60B6BD41-6415-418E-A71F-FB6622C379D9}.Debug|Any CPU.ActiveCfg = Debug|Any CPU
		{60B6BD41-6415-418E-A71F-FB6622C379D9}.Debug|Any CPU.Build.0 = Debug|Any CPU
		{60B6BD41-6415-418E-A71F-FB6622C379D9}.Debug|Mixed Platforms.ActiveCfg = Debug|Any CPU
		{60B6BD41-6415-418E-A71F-FB6622C379D9}.Debug|Mixed Platforms.Build.0 = Debug|Any CPU
		{60B6BD41-6415-418E-A71F-FB6622C379D9}.Debug|x86.ActiveCfg = Debug|Any CPU
		{60B6BD41-6415-418E-A71F-FB6622C379D9}.Debug|x86.Build.0 = Debug|Any CPU
		{60B6BD41-6415-418E-A71F-FB6622C379D9}.MonoTouch|Any CPU.ActiveCfg = Debug|Any CPU
		{60B6BD41-6415-418E-A71F-FB6622C379D9}.MonoTouch|Any CPU.Build.0 = Debug|Any CPU
		{60B6BD41-6415-418E-A71F-FB6622C379D9}.MonoTouch|Mixed Platforms.ActiveCfg = Debug|Any CPU
		{60B6BD41-6415-418E-A71F-FB6622C379D9}.MonoTouch|Mixed Platforms.Build.0 = Debug|Any CPU
		{60B6BD41-6415-418E-A71F-FB6622C379D9}.MonoTouch|x86.ActiveCfg = Debug|Any CPU
		{60B6BD41-6415-418E-A71F-FB6622C379D9}.MonoTouch|x86.Build.0 = Debug|Any CPU
		{60B6BD41-6415-418E-A71F-FB6622C379D9}.Release|Any CPU.ActiveCfg = Release|Any CPU
		{60B6BD41-6415-418E-A71F-FB6622C379D9}.Release|Any CPU.Build.0 = Release|Any CPU
		{60B6BD41-6415-418E-A71F-FB6622C379D9}.Release|Mixed Platforms.ActiveCfg = Release|Any CPU
		{60B6BD41-6415-418E-A71F-FB6622C379D9}.Release|Mixed Platforms.Build.0 = Release|Any CPU
		{60B6BD41-6415-418E-A71F-FB6622C379D9}.Release|x86.ActiveCfg = Release|Any CPU
		{60B6BD41-6415-418E-A71F-FB6622C379D9}.Release|x86.Build.0 = Release|Any CPU
		{60B6BD41-6415-418E-A71F-FB6622C379D9}.STATIC_ONLY NO_EXPRESSIONS|Any CPU.ActiveCfg = Debug|Any CPU
		{60B6BD41-6415-418E-A71F-FB6622C379D9}.STATIC_ONLY NO_EXPRESSIONS|Any CPU.Build.0 = Debug|Any CPU
		{60B6BD41-6415-418E-A71F-FB6622C379D9}.STATIC_ONLY NO_EXPRESSIONS|Mixed Platforms.ActiveCfg = Debug|Any CPU
		{60B6BD41-6415-418E-A71F-FB6622C379D9}.STATIC_ONLY NO_EXPRESSIONS|Mixed Platforms.Build.0 = Debug|Any CPU
		{60B6BD41-6415-418E-A71F-FB6622C379D9}.STATIC_ONLY NO_EXPRESSIONS|x86.ActiveCfg = Debug|Any CPU
		{60B6BD41-6415-418E-A71F-FB6622C379D9}.STATIC_ONLY NO_EXPRESSIONS|x86.Build.0 = Debug|Any CPU
		{83CEE527-DC55-4AB1-82FC-B90F17AB0E66}.Debug|Any CPU.ActiveCfg = Debug|Any CPU
		{83CEE527-DC55-4AB1-82FC-B90F17AB0E66}.Debug|Any CPU.Build.0 = Debug|Any CPU
		{83CEE527-DC55-4AB1-82FC-B90F17AB0E66}.Debug|Mixed Platforms.ActiveCfg = Debug|Any CPU
		{83CEE527-DC55-4AB1-82FC-B90F17AB0E66}.Debug|Mixed Platforms.Build.0 = Debug|Any CPU
		{83CEE527-DC55-4AB1-82FC-B90F17AB0E66}.Debug|x86.ActiveCfg = Debug|Any CPU
		{83CEE527-DC55-4AB1-82FC-B90F17AB0E66}.Debug|x86.Build.0 = Debug|Any CPU
		{83CEE527-DC55-4AB1-82FC-B90F17AB0E66}.MonoTouch|Any CPU.ActiveCfg = Debug|Any CPU
		{83CEE527-DC55-4AB1-82FC-B90F17AB0E66}.MonoTouch|Any CPU.Build.0 = Debug|Any CPU
		{83CEE527-DC55-4AB1-82FC-B90F17AB0E66}.MonoTouch|Mixed Platforms.ActiveCfg = Debug|Any CPU
		{83CEE527-DC55-4AB1-82FC-B90F17AB0E66}.MonoTouch|Mixed Platforms.Build.0 = Debug|Any CPU
		{83CEE527-DC55-4AB1-82FC-B90F17AB0E66}.MonoTouch|x86.ActiveCfg = Debug|Any CPU
		{83CEE527-DC55-4AB1-82FC-B90F17AB0E66}.MonoTouch|x86.Build.0 = Debug|Any CPU
		{83CEE527-DC55-4AB1-82FC-B90F17AB0E66}.Release|Any CPU.ActiveCfg = Release|Any CPU
		{83CEE527-DC55-4AB1-82FC-B90F17AB0E66}.Release|Any CPU.Build.0 = Release|Any CPU
		{83CEE527-DC55-4AB1-82FC-B90F17AB0E66}.Release|Mixed Platforms.ActiveCfg = Release|Any CPU
		{83CEE527-DC55-4AB1-82FC-B90F17AB0E66}.Release|Mixed Platforms.Build.0 = Release|Any CPU
		{83CEE527-DC55-4AB1-82FC-B90F17AB0E66}.Release|x86.ActiveCfg = Release|Any CPU
		{83CEE527-DC55-4AB1-82FC-B90F17AB0E66}.Release|x86.Build.0 = Release|Any CPU
		{83CEE527-DC55-4AB1-82FC-B90F17AB0E66}.STATIC_ONLY NO_EXPRESSIONS|Any CPU.ActiveCfg = Debug|Any CPU
		{83CEE527-DC55-4AB1-82FC-B90F17AB0E66}.STATIC_ONLY NO_EXPRESSIONS|Any CPU.Build.0 = Debug|Any CPU
		{83CEE527-DC55-4AB1-82FC-B90F17AB0E66}.STATIC_ONLY NO_EXPRESSIONS|Mixed Platforms.ActiveCfg = Debug|Any CPU
		{83CEE527-DC55-4AB1-82FC-B90F17AB0E66}.STATIC_ONLY NO_EXPRESSIONS|Mixed Platforms.Build.0 = Debug|Any CPU
		{83CEE527-DC55-4AB1-82FC-B90F17AB0E66}.STATIC_ONLY NO_EXPRESSIONS|x86.ActiveCfg = Debug|Any CPU
		{83CEE527-DC55-4AB1-82FC-B90F17AB0E66}.STATIC_ONLY NO_EXPRESSIONS|x86.Build.0 = Debug|Any CPU
		{924A8BBF-4D88-41A3-9F83-4332B0019D0C}.Debug|Any CPU.ActiveCfg = Debug|Any CPU
		{924A8BBF-4D88-41A3-9F83-4332B0019D0C}.Debug|Any CPU.Build.0 = Debug|Any CPU
		{924A8BBF-4D88-41A3-9F83-4332B0019D0C}.Debug|Mixed Platforms.ActiveCfg = Debug|Any CPU
		{924A8BBF-4D88-41A3-9F83-4332B0019D0C}.Debug|Mixed Platforms.Build.0 = Debug|Any CPU
		{924A8BBF-4D88-41A3-9F83-4332B0019D0C}.Debug|x86.ActiveCfg = Debug|Any CPU
		{924A8BBF-4D88-41A3-9F83-4332B0019D0C}.Debug|x86.Build.0 = Debug|Any CPU
		{924A8BBF-4D88-41A3-9F83-4332B0019D0C}.MonoTouch|Any CPU.ActiveCfg = Debug|Any CPU
		{924A8BBF-4D88-41A3-9F83-4332B0019D0C}.MonoTouch|Any CPU.Build.0 = Debug|Any CPU
		{924A8BBF-4D88-41A3-9F83-4332B0019D0C}.MonoTouch|Mixed Platforms.ActiveCfg = Debug|Any CPU
		{924A8BBF-4D88-41A3-9F83-4332B0019D0C}.MonoTouch|Mixed Platforms.Build.0 = Debug|Any CPU
		{924A8BBF-4D88-41A3-9F83-4332B0019D0C}.MonoTouch|x86.ActiveCfg = Debug|Any CPU
		{924A8BBF-4D88-41A3-9F83-4332B0019D0C}.MonoTouch|x86.Build.0 = Debug|Any CPU
		{924A8BBF-4D88-41A3-9F83-4332B0019D0C}.Release|Any CPU.ActiveCfg = Release|Any CPU
		{924A8BBF-4D88-41A3-9F83-4332B0019D0C}.Release|Any CPU.Build.0 = Release|Any CPU
		{924A8BBF-4D88-41A3-9F83-4332B0019D0C}.Release|Mixed Platforms.ActiveCfg = Release|Any CPU
		{924A8BBF-4D88-41A3-9F83-4332B0019D0C}.Release|Mixed Platforms.Build.0 = Release|Any CPU
		{924A8BBF-4D88-41A3-9F83-4332B0019D0C}.Release|x86.ActiveCfg = Release|Any CPU
		{924A8BBF-4D88-41A3-9F83-4332B0019D0C}.Release|x86.Build.0 = Release|Any CPU
		{924A8BBF-4D88-41A3-9F83-4332B0019D0C}.STATIC_ONLY NO_EXPRESSIONS|Any CPU.ActiveCfg = Debug|Any CPU
		{924A8BBF-4D88-41A3-9F83-4332B0019D0C}.STATIC_ONLY NO_EXPRESSIONS|Any CPU.Build.0 = Debug|Any CPU
		{924A8BBF-4D88-41A3-9F83-4332B0019D0C}.STATIC_ONLY NO_EXPRESSIONS|Mixed Platforms.ActiveCfg = Debug|Any CPU
		{924A8BBF-4D88-41A3-9F83-4332B0019D0C}.STATIC_ONLY NO_EXPRESSIONS|Mixed Platforms.Build.0 = Debug|Any CPU
		{924A8BBF-4D88-41A3-9F83-4332B0019D0C}.STATIC_ONLY NO_EXPRESSIONS|x86.ActiveCfg = Debug|Any CPU
		{924A8BBF-4D88-41A3-9F83-4332B0019D0C}.STATIC_ONLY NO_EXPRESSIONS|x86.Build.0 = Debug|Any CPU
		{956FD518-A6CC-46B1-A93A-1C92779BF942}.Debug|Any CPU.ActiveCfg = Debug|Any CPU
		{956FD518-A6CC-46B1-A93A-1C92779BF942}.Debug|Any CPU.Build.0 = Debug|Any CPU
		{956FD518-A6CC-46B1-A93A-1C92779BF942}.Debug|Mixed Platforms.ActiveCfg = Debug|Any CPU
		{956FD518-A6CC-46B1-A93A-1C92779BF942}.Debug|Mixed Platforms.Build.0 = Debug|Any CPU
		{956FD518-A6CC-46B1-A93A-1C92779BF942}.Debug|x86.ActiveCfg = Debug|Any CPU
		{956FD518-A6CC-46B1-A93A-1C92779BF942}.MonoTouch|Any CPU.ActiveCfg = Release|Any CPU
		{956FD518-A6CC-46B1-A93A-1C92779BF942}.MonoTouch|Any CPU.Build.0 = Release|Any CPU
		{956FD518-A6CC-46B1-A93A-1C92779BF942}.MonoTouch|Mixed Platforms.ActiveCfg = Release|Any CPU
		{956FD518-A6CC-46B1-A93A-1C92779BF942}.MonoTouch|Mixed Platforms.Build.0 = Release|Any CPU
		{956FD518-A6CC-46B1-A93A-1C92779BF942}.MonoTouch|x86.ActiveCfg = Release|Any CPU
		{956FD518-A6CC-46B1-A93A-1C92779BF942}.Release|Any CPU.ActiveCfg = Release|Any CPU
		{956FD518-A6CC-46B1-A93A-1C92779BF942}.Release|Any CPU.Build.0 = Release|Any CPU
		{956FD518-A6CC-46B1-A93A-1C92779BF942}.Release|Mixed Platforms.ActiveCfg = Release|Any CPU
		{956FD518-A6CC-46B1-A93A-1C92779BF942}.Release|Mixed Platforms.Build.0 = Release|Any CPU
		{956FD518-A6CC-46B1-A93A-1C92779BF942}.Release|x86.ActiveCfg = Release|Any CPU
		{956FD518-A6CC-46B1-A93A-1C92779BF942}.STATIC_ONLY NO_EXPRESSIONS|Any CPU.ActiveCfg = Release|Any CPU
		{956FD518-A6CC-46B1-A93A-1C92779BF942}.STATIC_ONLY NO_EXPRESSIONS|Any CPU.Build.0 = Release|Any CPU
		{956FD518-A6CC-46B1-A93A-1C92779BF942}.STATIC_ONLY NO_EXPRESSIONS|Mixed Platforms.ActiveCfg = Release|Any CPU
		{956FD518-A6CC-46B1-A93A-1C92779BF942}.STATIC_ONLY NO_EXPRESSIONS|Mixed Platforms.Build.0 = Release|Any CPU
		{956FD518-A6CC-46B1-A93A-1C92779BF942}.STATIC_ONLY NO_EXPRESSIONS|x86.ActiveCfg = Release|Any CPU
		{96179AC6-F6F1-40C3-9FDD-4F6582F54C5C}.Debug|Any CPU.ActiveCfg = Debug|Any CPU
		{96179AC6-F6F1-40C3-9FDD-4F6582F54C5C}.Debug|Any CPU.Build.0 = Debug|Any CPU
		{96179AC6-F6F1-40C3-9FDD-4F6582F54C5C}.Debug|Mixed Platforms.ActiveCfg = Debug|Any CPU
		{96179AC6-F6F1-40C3-9FDD-4F6582F54C5C}.Debug|Mixed Platforms.Build.0 = Debug|Any CPU
		{96179AC6-F6F1-40C3-9FDD-4F6582F54C5C}.Debug|x86.ActiveCfg = Debug|Any CPU
		{96179AC6-F6F1-40C3-9FDD-4F6582F54C5C}.MonoTouch|Any CPU.ActiveCfg = MonoTouch|Any CPU
		{96179AC6-F6F1-40C3-9FDD-4F6582F54C5C}.MonoTouch|Any CPU.Build.0 = MonoTouch|Any CPU
		{96179AC6-F6F1-40C3-9FDD-4F6582F54C5C}.MonoTouch|Mixed Platforms.ActiveCfg = MonoTouch|Any CPU
		{96179AC6-F6F1-40C3-9FDD-4F6582F54C5C}.MonoTouch|Mixed Platforms.Build.0 = MonoTouch|Any CPU
		{96179AC6-F6F1-40C3-9FDD-4F6582F54C5C}.MonoTouch|x86.ActiveCfg = MonoTouch|Any CPU
		{96179AC6-F6F1-40C3-9FDD-4F6582F54C5C}.Release|Any CPU.ActiveCfg = Release|Any CPU
		{96179AC6-F6F1-40C3-9FDD-4F6582F54C5C}.Release|Any CPU.Build.0 = Release|Any CPU
		{96179AC6-F6F1-40C3-9FDD-4F6582F54C5C}.Release|Mixed Platforms.ActiveCfg = Release|Any CPU
		{96179AC6-F6F1-40C3-9FDD-4F6582F54C5C}.Release|Mixed Platforms.Build.0 = Release|Any CPU
		{96179AC6-F6F1-40C3-9FDD-4F6582F54C5C}.Release|x86.ActiveCfg = Release|Any CPU
		{96179AC6-F6F1-40C3-9FDD-4F6582F54C5C}.STATIC_ONLY NO_EXPRESSIONS|Any CPU.ActiveCfg = STATIC_ONLY NO_EXPRESSIONS|Any CPU
		{96179AC6-F6F1-40C3-9FDD-4F6582F54C5C}.STATIC_ONLY NO_EXPRESSIONS|Any CPU.Build.0 = STATIC_ONLY NO_EXPRESSIONS|Any CPU
		{96179AC6-F6F1-40C3-9FDD-4F6582F54C5C}.STATIC_ONLY NO_EXPRESSIONS|Mixed Platforms.ActiveCfg = STATIC_ONLY NO_EXPRESSIONS|Any CPU
		{96179AC6-F6F1-40C3-9FDD-4F6582F54C5C}.STATIC_ONLY NO_EXPRESSIONS|Mixed Platforms.Build.0 = STATIC_ONLY NO_EXPRESSIONS|Any CPU
		{96179AC6-F6F1-40C3-9FDD-4F6582F54C5C}.STATIC_ONLY NO_EXPRESSIONS|x86.ActiveCfg = STATIC_ONLY NO_EXPRESSIONS|Any CPU
		{96793C11-2A99-4217-8946-3E0DB9534A4D}.Debug|Any CPU.ActiveCfg = Debug|Any CPU
		{96793C11-2A99-4217-8946-3E0DB9534A4D}.Debug|Any CPU.Build.0 = Debug|Any CPU
		{96793C11-2A99-4217-8946-3E0DB9534A4D}.Debug|Mixed Platforms.ActiveCfg = Debug|Any CPU
		{96793C11-2A99-4217-8946-3E0DB9534A4D}.Debug|Mixed Platforms.Build.0 = Debug|Any CPU
		{96793C11-2A99-4217-8946-3E0DB9534A4D}.Debug|x86.ActiveCfg = Debug|Any CPU
		{96793C11-2A99-4217-8946-3E0DB9534A4D}.MonoTouch|Any CPU.ActiveCfg = Release|Any CPU
		{96793C11-2A99-4217-8946-3E0DB9534A4D}.MonoTouch|Any CPU.Build.0 = Release|Any CPU
		{96793C11-2A99-4217-8946-3E0DB9534A4D}.MonoTouch|Mixed Platforms.ActiveCfg = Release|Any CPU
		{96793C11-2A99-4217-8946-3E0DB9534A4D}.MonoTouch|Mixed Platforms.Build.0 = Release|Any CPU
		{96793C11-2A99-4217-8946-3E0DB9534A4D}.MonoTouch|x86.ActiveCfg = Release|Any CPU
		{96793C11-2A99-4217-8946-3E0DB9534A4D}.Release|Any CPU.ActiveCfg = Release|Any CPU
		{96793C11-2A99-4217-8946-3E0DB9534A4D}.Release|Any CPU.Build.0 = Release|Any CPU
		{96793C11-2A99-4217-8946-3E0DB9534A4D}.Release|Mixed Platforms.ActiveCfg = Release|Any CPU
		{96793C11-2A99-4217-8946-3E0DB9534A4D}.Release|Mixed Platforms.Build.0 = Release|Any CPU
		{96793C11-2A99-4217-8946-3E0DB9534A4D}.Release|x86.ActiveCfg = Release|Any CPU
		{96793C11-2A99-4217-8946-3E0DB9534A4D}.STATIC_ONLY NO_EXPRESSIONS|Any CPU.ActiveCfg = Release|Any CPU
		{96793C11-2A99-4217-8946-3E0DB9534A4D}.STATIC_ONLY NO_EXPRESSIONS|Any CPU.Build.0 = Release|Any CPU
		{96793C11-2A99-4217-8946-3E0DB9534A4D}.STATIC_ONLY NO_EXPRESSIONS|Mixed Platforms.ActiveCfg = Release|Any CPU
		{96793C11-2A99-4217-8946-3E0DB9534A4D}.STATIC_ONLY NO_EXPRESSIONS|Mixed Platforms.Build.0 = Release|Any CPU
		{96793C11-2A99-4217-8946-3E0DB9534A4D}.STATIC_ONLY NO_EXPRESSIONS|x86.ActiveCfg = Release|Any CPU
		{9B64F4A7-C008-46A8-AD6F-99626DCFEFBD}.Debug|Any CPU.ActiveCfg = Debug|Any CPU
		{9B64F4A7-C008-46A8-AD6F-99626DCFEFBD}.Debug|Any CPU.Build.0 = Debug|Any CPU
		{9B64F4A7-C008-46A8-AD6F-99626DCFEFBD}.Debug|Mixed Platforms.ActiveCfg = Debug|Any CPU
		{9B64F4A7-C008-46A8-AD6F-99626DCFEFBD}.Debug|Mixed Platforms.Build.0 = Debug|Any CPU
		{9B64F4A7-C008-46A8-AD6F-99626DCFEFBD}.Debug|x86.ActiveCfg = Debug|Any CPU
		{9B64F4A7-C008-46A8-AD6F-99626DCFEFBD}.MonoTouch|Any CPU.ActiveCfg = Release|Any CPU
		{9B64F4A7-C008-46A8-AD6F-99626DCFEFBD}.MonoTouch|Any CPU.Build.0 = Release|Any CPU
		{9B64F4A7-C008-46A8-AD6F-99626DCFEFBD}.MonoTouch|Mixed Platforms.ActiveCfg = Release|Any CPU
		{9B64F4A7-C008-46A8-AD6F-99626DCFEFBD}.MonoTouch|Mixed Platforms.Build.0 = Release|Any CPU
		{9B64F4A7-C008-46A8-AD6F-99626DCFEFBD}.MonoTouch|x86.ActiveCfg = Release|Any CPU
		{9B64F4A7-C008-46A8-AD6F-99626DCFEFBD}.Release|Any CPU.ActiveCfg = Release|Any CPU
		{9B64F4A7-C008-46A8-AD6F-99626DCFEFBD}.Release|Any CPU.Build.0 = Release|Any CPU
		{9B64F4A7-C008-46A8-AD6F-99626DCFEFBD}.Release|Mixed Platforms.ActiveCfg = Release|Any CPU
		{9B64F4A7-C008-46A8-AD6F-99626DCFEFBD}.Release|Mixed Platforms.Build.0 = Release|Any CPU
		{9B64F4A7-C008-46A8-AD6F-99626DCFEFBD}.Release|x86.ActiveCfg = Release|Any CPU
		{9B64F4A7-C008-46A8-AD6F-99626DCFEFBD}.STATIC_ONLY NO_EXPRESSIONS|Any CPU.ActiveCfg = Release|Any CPU
		{9B64F4A7-C008-46A8-AD6F-99626DCFEFBD}.STATIC_ONLY NO_EXPRESSIONS|Any CPU.Build.0 = Release|Any CPU
		{9B64F4A7-C008-46A8-AD6F-99626DCFEFBD}.STATIC_ONLY NO_EXPRESSIONS|Mixed Platforms.ActiveCfg = Release|Any CPU
		{9B64F4A7-C008-46A8-AD6F-99626DCFEFBD}.STATIC_ONLY NO_EXPRESSIONS|Mixed Platforms.Build.0 = Release|Any CPU
		{9B64F4A7-C008-46A8-AD6F-99626DCFEFBD}.STATIC_ONLY NO_EXPRESSIONS|x86.ActiveCfg = Release|Any CPU
		{A2A80512-11F4-4028-A995-505463632C84}.Debug|Any CPU.ActiveCfg = Debug|x86
		{A2A80512-11F4-4028-A995-505463632C84}.Debug|Mixed Platforms.ActiveCfg = Debug|x86
		{A2A80512-11F4-4028-A995-505463632C84}.Debug|Mixed Platforms.Build.0 = Debug|x86
		{A2A80512-11F4-4028-A995-505463632C84}.Debug|x86.ActiveCfg = Debug|x86
		{A2A80512-11F4-4028-A995-505463632C84}.Debug|x86.Build.0 = Debug|x86
		{A2A80512-11F4-4028-A995-505463632C84}.MonoTouch|Any CPU.ActiveCfg = Release|x86
		{A2A80512-11F4-4028-A995-505463632C84}.MonoTouch|Mixed Platforms.ActiveCfg = Release|x86
		{A2A80512-11F4-4028-A995-505463632C84}.MonoTouch|Mixed Platforms.Build.0 = Release|x86
		{A2A80512-11F4-4028-A995-505463632C84}.MonoTouch|x86.ActiveCfg = Release|x86
		{A2A80512-11F4-4028-A995-505463632C84}.MonoTouch|x86.Build.0 = Release|x86
		{A2A80512-11F4-4028-A995-505463632C84}.Release|Any CPU.ActiveCfg = Release|x86
		{A2A80512-11F4-4028-A995-505463632C84}.Release|Mixed Platforms.ActiveCfg = Release|x86
		{A2A80512-11F4-4028-A995-505463632C84}.Release|Mixed Platforms.Build.0 = Release|x86
		{A2A80512-11F4-4028-A995-505463632C84}.Release|x86.ActiveCfg = Release|x86
		{A2A80512-11F4-4028-A995-505463632C84}.Release|x86.Build.0 = Release|x86
		{A2A80512-11F4-4028-A995-505463632C84}.STATIC_ONLY NO_EXPRESSIONS|Any CPU.ActiveCfg = Release|x86
		{A2A80512-11F4-4028-A995-505463632C84}.STATIC_ONLY NO_EXPRESSIONS|Mixed Platforms.ActiveCfg = Release|x86
		{A2A80512-11F4-4028-A995-505463632C84}.STATIC_ONLY NO_EXPRESSIONS|Mixed Platforms.Build.0 = Release|x86
		{A2A80512-11F4-4028-A995-505463632C84}.STATIC_ONLY NO_EXPRESSIONS|x86.ActiveCfg = Release|x86
		{A2A80512-11F4-4028-A995-505463632C84}.STATIC_ONLY NO_EXPRESSIONS|x86.Build.0 = Release|x86
		{CB988768-7753-4EF2-8C06-6A74B384C78E}.Debug|Any CPU.ActiveCfg = Debug|Any CPU
		{CB988768-7753-4EF2-8C06-6A74B384C78E}.Debug|Any CPU.Build.0 = Debug|Any CPU
		{CB988768-7753-4EF2-8C06-6A74B384C78E}.Debug|Mixed Platforms.ActiveCfg = Debug|Any CPU
		{CB988768-7753-4EF2-8C06-6A74B384C78E}.Debug|Mixed Platforms.Build.0 = Debug|Any CPU
		{CB988768-7753-4EF2-8C06-6A74B384C78E}.Debug|x86.ActiveCfg = Debug|Any CPU
		{CB988768-7753-4EF2-8C06-6A74B384C78E}.Debug|x86.Build.0 = Debug|Any CPU
		{CB988768-7753-4EF2-8C06-6A74B384C78E}.Default|Any CPU.ActiveCfg = Debug|Any CPU
		{CB988768-7753-4EF2-8C06-6A74B384C78E}.Default|Any CPU.Build.0 = Debug|Any CPU
		{CB988768-7753-4EF2-8C06-6A74B384C78E}.MonoTouch|Any CPU.ActiveCfg = Debug|Any CPU
		{CB988768-7753-4EF2-8C06-6A74B384C78E}.MonoTouch|Any CPU.Build.0 = Debug|Any CPU
		{CB988768-7753-4EF2-8C06-6A74B384C78E}.MonoTouch|Mixed Platforms.ActiveCfg = Debug|Any CPU
		{CB988768-7753-4EF2-8C06-6A74B384C78E}.MonoTouch|Mixed Platforms.Build.0 = Debug|Any CPU
		{CB988768-7753-4EF2-8C06-6A74B384C78E}.MonoTouch|x86.ActiveCfg = Debug|Any CPU
		{CB988768-7753-4EF2-8C06-6A74B384C78E}.MonoTouch|x86.Build.0 = Debug|Any CPU
		{CB988768-7753-4EF2-8C06-6A74B384C78E}.Release|Any CPU.ActiveCfg = Release|Any CPU
		{CB988768-7753-4EF2-8C06-6A74B384C78E}.Release|Any CPU.Build.0 = Release|Any CPU
		{CB988768-7753-4EF2-8C06-6A74B384C78E}.Release|Mixed Platforms.ActiveCfg = Release|Any CPU
		{CB988768-7753-4EF2-8C06-6A74B384C78E}.Release|Mixed Platforms.Build.0 = Release|Any CPU
		{CB988768-7753-4EF2-8C06-6A74B384C78E}.Release|x86.ActiveCfg = Release|Any CPU
		{CB988768-7753-4EF2-8C06-6A74B384C78E}.Release|x86.Build.0 = Release|Any CPU
		{CB988768-7753-4EF2-8C06-6A74B384C78E}.STATIC_ONLY NO_EXPRESSIONS|Any CPU.ActiveCfg = Debug|Any CPU
		{CB988768-7753-4EF2-8C06-6A74B384C78E}.STATIC_ONLY NO_EXPRESSIONS|Any CPU.Build.0 = Debug|Any CPU
		{CB988768-7753-4EF2-8C06-6A74B384C78E}.STATIC_ONLY NO_EXPRESSIONS|Mixed Platforms.ActiveCfg = Debug|Any CPU
		{CB988768-7753-4EF2-8C06-6A74B384C78E}.STATIC_ONLY NO_EXPRESSIONS|Mixed Platforms.Build.0 = Debug|Any CPU
		{CB988768-7753-4EF2-8C06-6A74B384C78E}.STATIC_ONLY NO_EXPRESSIONS|x86.ActiveCfg = Debug|Any CPU
		{CB988768-7753-4EF2-8C06-6A74B384C78E}.STATIC_ONLY NO_EXPRESSIONS|x86.Build.0 = Debug|Any CPU
		{CF68A37D-D071-469D-AE04-68594CB95382}.Debug|Any CPU.ActiveCfg = Debug|Any CPU
		{CF68A37D-D071-469D-AE04-68594CB95382}.Debug|Any CPU.Build.0 = Debug|Any CPU
		{CF68A37D-D071-469D-AE04-68594CB95382}.Debug|Mixed Platforms.ActiveCfg = Debug|Any CPU
		{CF68A37D-D071-469D-AE04-68594CB95382}.Debug|Mixed Platforms.Build.0 = Debug|Any CPU
		{CF68A37D-D071-469D-AE04-68594CB95382}.Debug|x86.ActiveCfg = Debug|Any CPU
		{CF68A37D-D071-469D-AE04-68594CB95382}.MonoTouch|Any CPU.ActiveCfg = MonoTouch|Any CPU
		{CF68A37D-D071-469D-AE04-68594CB95382}.MonoTouch|Any CPU.Build.0 = MonoTouch|Any CPU
		{CF68A37D-D071-469D-AE04-68594CB95382}.MonoTouch|Mixed Platforms.ActiveCfg = MonoTouch|Any CPU
		{CF68A37D-D071-469D-AE04-68594CB95382}.MonoTouch|Mixed Platforms.Build.0 = MonoTouch|Any CPU
		{CF68A37D-D071-469D-AE04-68594CB95382}.MonoTouch|x86.ActiveCfg = MonoTouch|Any CPU
		{CF68A37D-D071-469D-AE04-68594CB95382}.Release|Any CPU.ActiveCfg = Release|Any CPU
		{CF68A37D-D071-469D-AE04-68594CB95382}.Release|Any CPU.Build.0 = Release|Any CPU
		{CF68A37D-D071-469D-AE04-68594CB95382}.Release|Mixed Platforms.ActiveCfg = Release|Any CPU
		{CF68A37D-D071-469D-AE04-68594CB95382}.Release|Mixed Platforms.Build.0 = Release|Any CPU
		{CF68A37D-D071-469D-AE04-68594CB95382}.Release|x86.ActiveCfg = Release|Any CPU
		{CF68A37D-D071-469D-AE04-68594CB95382}.STATIC_ONLY NO_EXPRESSIONS|Any CPU.ActiveCfg = STATIC_ONLY NO_EXPRESSIONS|Any CPU
		{CF68A37D-D071-469D-AE04-68594CB95382}.STATIC_ONLY NO_EXPRESSIONS|Any CPU.Build.0 = STATIC_ONLY NO_EXPRESSIONS|Any CPU
		{CF68A37D-D071-469D-AE04-68594CB95382}.STATIC_ONLY NO_EXPRESSIONS|Mixed Platforms.ActiveCfg = STATIC_ONLY NO_EXPRESSIONS|Any CPU
		{CF68A37D-D071-469D-AE04-68594CB95382}.STATIC_ONLY NO_EXPRESSIONS|Mixed Platforms.Build.0 = STATIC_ONLY NO_EXPRESSIONS|Any CPU
		{CF68A37D-D071-469D-AE04-68594CB95382}.STATIC_ONLY NO_EXPRESSIONS|x86.ActiveCfg = STATIC_ONLY NO_EXPRESSIONS|Any CPU
		{E4489930-7E42-43B8-93C3-7E1974845D88}.Debug|Any CPU.ActiveCfg = Debug|Any CPU
		{E4489930-7E42-43B8-93C3-7E1974845D88}.Debug|Any CPU.Build.0 = Debug|Any CPU
		{E4489930-7E42-43B8-93C3-7E1974845D88}.Debug|Mixed Platforms.ActiveCfg = Debug|Any CPU
		{E4489930-7E42-43B8-93C3-7E1974845D88}.Debug|Mixed Platforms.Build.0 = Debug|Any CPU
		{E4489930-7E42-43B8-93C3-7E1974845D88}.Debug|x86.ActiveCfg = Debug|Any CPU
		{E4489930-7E42-43B8-93C3-7E1974845D88}.Debug|x86.Build.0 = Debug|Any CPU
		{E4489930-7E42-43B8-93C3-7E1974845D88}.MonoTouch|Any CPU.ActiveCfg = Debug|Any CPU
		{E4489930-7E42-43B8-93C3-7E1974845D88}.MonoTouch|Any CPU.Build.0 = Debug|Any CPU
		{E4489930-7E42-43B8-93C3-7E1974845D88}.MonoTouch|Mixed Platforms.ActiveCfg = Debug|Any CPU
		{E4489930-7E42-43B8-93C3-7E1974845D88}.MonoTouch|Mixed Platforms.Build.0 = Debug|Any CPU
		{E4489930-7E42-43B8-93C3-7E1974845D88}.MonoTouch|x86.ActiveCfg = Debug|Any CPU
		{E4489930-7E42-43B8-93C3-7E1974845D88}.MonoTouch|x86.Build.0 = Debug|Any CPU
		{E4489930-7E42-43B8-93C3-7E1974845D88}.Release|Any CPU.ActiveCfg = Release|Any CPU
		{E4489930-7E42-43B8-93C3-7E1974845D88}.Release|Any CPU.Build.0 = Release|Any CPU
		{E4489930-7E42-43B8-93C3-7E1974845D88}.Release|Mixed Platforms.ActiveCfg = Release|Any CPU
		{E4489930-7E42-43B8-93C3-7E1974845D88}.Release|Mixed Platforms.Build.0 = Release|Any CPU
		{E4489930-7E42-43B8-93C3-7E1974845D88}.Release|x86.ActiveCfg = Release|Any CPU
		{E4489930-7E42-43B8-93C3-7E1974845D88}.Release|x86.Build.0 = Release|Any CPU
		{E4489930-7E42-43B8-93C3-7E1974845D88}.STATIC_ONLY NO_EXPRESSIONS|Any CPU.ActiveCfg = Debug|Any CPU
		{E4489930-7E42-43B8-93C3-7E1974845D88}.STATIC_ONLY NO_EXPRESSIONS|Any CPU.Build.0 = Debug|Any CPU
		{E4489930-7E42-43B8-93C3-7E1974845D88}.STATIC_ONLY NO_EXPRESSIONS|Mixed Platforms.ActiveCfg = Debug|Any CPU
		{E4489930-7E42-43B8-93C3-7E1974845D88}.STATIC_ONLY NO_EXPRESSIONS|Mixed Platforms.Build.0 = Debug|Any CPU
		{E4489930-7E42-43B8-93C3-7E1974845D88}.STATIC_ONLY NO_EXPRESSIONS|x86.ActiveCfg = Debug|Any CPU
		{E4489930-7E42-43B8-93C3-7E1974845D88}.STATIC_ONLY NO_EXPRESSIONS|x86.Build.0 = Debug|Any CPU
		{EAA0F35E-66CD-4B3D-BB17-7CE8EDE83AE7}.Debug|Any CPU.ActiveCfg = Debug|Any CPU
		{EAA0F35E-66CD-4B3D-BB17-7CE8EDE83AE7}.Debug|Any CPU.Build.0 = Debug|Any CPU
		{EAA0F35E-66CD-4B3D-BB17-7CE8EDE83AE7}.Debug|Mixed Platforms.ActiveCfg = Debug|Any CPU
		{EAA0F35E-66CD-4B3D-BB17-7CE8EDE83AE7}.Debug|Mixed Platforms.Build.0 = Debug|Any CPU
		{EAA0F35E-66CD-4B3D-BB17-7CE8EDE83AE7}.Debug|x86.ActiveCfg = Debug|Any CPU
		{EAA0F35E-66CD-4B3D-BB17-7CE8EDE83AE7}.MonoTouch|Any CPU.ActiveCfg = Release|Any CPU
		{EAA0F35E-66CD-4B3D-BB17-7CE8EDE83AE7}.MonoTouch|Any CPU.Build.0 = Release|Any CPU
		{EAA0F35E-66CD-4B3D-BB17-7CE8EDE83AE7}.MonoTouch|Mixed Platforms.ActiveCfg = Release|Any CPU
		{EAA0F35E-66CD-4B3D-BB17-7CE8EDE83AE7}.MonoTouch|Mixed Platforms.Build.0 = Release|Any CPU
		{EAA0F35E-66CD-4B3D-BB17-7CE8EDE83AE7}.MonoTouch|x86.ActiveCfg = Release|Any CPU
		{EAA0F35E-66CD-4B3D-BB17-7CE8EDE83AE7}.Release|Any CPU.ActiveCfg = Release|Any CPU
		{EAA0F35E-66CD-4B3D-BB17-7CE8EDE83AE7}.Release|Any CPU.Build.0 = Release|Any CPU
		{EAA0F35E-66CD-4B3D-BB17-7CE8EDE83AE7}.Release|Mixed Platforms.ActiveCfg = Release|Any CPU
		{EAA0F35E-66CD-4B3D-BB17-7CE8EDE83AE7}.Release|Mixed Platforms.Build.0 = Release|Any CPU
		{EAA0F35E-66CD-4B3D-BB17-7CE8EDE83AE7}.Release|x86.ActiveCfg = Release|Any CPU
		{EAA0F35E-66CD-4B3D-BB17-7CE8EDE83AE7}.STATIC_ONLY NO_EXPRESSIONS|Any CPU.ActiveCfg = Release|Any CPU
		{EAA0F35E-66CD-4B3D-BB17-7CE8EDE83AE7}.STATIC_ONLY NO_EXPRESSIONS|Any CPU.Build.0 = Release|Any CPU
		{EAA0F35E-66CD-4B3D-BB17-7CE8EDE83AE7}.STATIC_ONLY NO_EXPRESSIONS|Mixed Platforms.ActiveCfg = Release|Any CPU
		{EAA0F35E-66CD-4B3D-BB17-7CE8EDE83AE7}.STATIC_ONLY NO_EXPRESSIONS|Mixed Platforms.Build.0 = Release|Any CPU
		{EAA0F35E-66CD-4B3D-BB17-7CE8EDE83AE7}.STATIC_ONLY NO_EXPRESSIONS|x86.ActiveCfg = Release|Any CPU
	EndGlobalSection
	GlobalSection(NestedProjects) = preSolution
		{1E5BEEEC-9A28-4BCC-B6DD-9B342C3F3003} = {AA7D8994-D1CA-484E-B3A4-EF6044CBE9BB}
		{60B6BD41-6415-418E-A71F-FB6622C379D9} = {AA7D8994-D1CA-484E-B3A4-EF6044CBE9BB}
		{924A8BBF-4D88-41A3-9F83-4332B0019D0C} = {AA7D8994-D1CA-484E-B3A4-EF6044CBE9BB}
		{E4489930-7E42-43B8-93C3-7E1974845D88} = {AA7D8994-D1CA-484E-B3A4-EF6044CBE9BB}
		{83CEE527-DC55-4AB1-82FC-B90F17AB0E66} = {AA7D8994-D1CA-484E-B3A4-EF6044CBE9BB}
	EndGlobalSection
	GlobalSection(MonoDevelopProperties) = preSolution
		StartupItem = ServiceStack.OrmLite.Sqlite\ServiceStack.OrmLite.Sqlite.csproj
	EndGlobalSection
	GlobalSection(SolutionProperties) = preSolution
		HideSolutionNode = FALSE
	EndGlobalSection
EndGlobal
