Microsoft Visual Studio Solution File, Format Version 12.00
# Visual Studio 15
VisualStudioVersion = 15.0.26430.13
MinimumVisualStudioVersion = 10.0.40219.1
Project("{2150E333-8FDC-42A3-9474-1A3956D46DE8}") = "Build", "Build", "{6CEB3EDE-9F02-4F4F-BD8A-1B2939C1AE6E}"
	ProjectSection(SolutionItems) = preProject
		..\build\build-sn.proj = ..\build\build-sn.proj
		..\build\build.bat = ..\build\build.bat
		..\build\build.proj = ..\build\build.proj
		..\build\build.tasks = ..\build\build.tasks
		..\build\copy.bat = ..\build\copy.bat
		..\NuGet.Signed\ServiceStack.OrmLite.MySql.Signed\servicestack.ormlite.mysql.signed.nuspec = ..\NuGet.Signed\ServiceStack.OrmLite.MySql.Signed\servicestack.ormlite.mysql.signed.nuspec
		..\NuGet.Signed\ServiceStack.OrmLite.Oracle.Signed\servicestack.ormlite.oracle.signed.nuspec = ..\NuGet.Signed\ServiceStack.OrmLite.Oracle.Signed\servicestack.ormlite.oracle.signed.nuspec
		..\NuGet.Signed\ServiceStack.OrmLite.Signed\servicestack.ormlite.signed.nuspec = ..\NuGet.Signed\ServiceStack.OrmLite.Signed\servicestack.ormlite.signed.nuspec
		..\NuGet.Signed\ServiceStack.OrmLite.Sqlite.Windows.Signed\servicestack.ormlite.sqlite.windows.signed.nuspec = ..\NuGet.Signed\ServiceStack.OrmLite.Sqlite.Windows.Signed\servicestack.ormlite.sqlite.windows.signed.nuspec
		..\NuGet.Signed\ServiceStack.OrmLite.SqlServer.Converters.Signed\servicestack.ormlite.sqlserver.converters.signed.nuspec = ..\NuGet.Signed\ServiceStack.OrmLite.SqlServer.Converters.Signed\servicestack.ormlite.sqlserver.converters.signed.nuspec
		..\NuGet.Signed\ServiceStack.OrmLite.SqlServer.Signed\servicestack.ormlite.sqlserver.signed.nuspec = ..\NuGet.Signed\ServiceStack.OrmLite.SqlServer.Signed\servicestack.ormlite.sqlserver.signed.nuspec
	EndProjectSection
EndProject
Project("{2150E333-8FDC-42A3-9474-1A3956D46DE8}") = "Signed", "Signed", "{4A755D3C-CE48-4DB1-BF29-90A696ACD71B}"
	ProjectSection(SolutionItems) = preProject
		..\NuGet.Signed\ServiceStack.OrmLite.MySql.Signed\servicestack.ormlite.mysql.signed.nuspec = ..\NuGet.Signed\ServiceStack.OrmLite.MySql.Signed\servicestack.ormlite.mysql.signed.nuspec
		..\NuGet.Signed\ServiceStack.OrmLite.Oracle.Signed\servicestack.ormlite.oracle.signed.nuspec = ..\NuGet.Signed\ServiceStack.OrmLite.Oracle.Signed\servicestack.ormlite.oracle.signed.nuspec
		..\NuGet.Signed\ServiceStack.OrmLite.Signed\servicestack.ormlite.signed.nuspec = ..\NuGet.Signed\ServiceStack.OrmLite.Signed\servicestack.ormlite.signed.nuspec
		..\NuGet.Signed\ServiceStack.OrmLite.SqlServer.Converters.Signed\servicestack.ormlite.sqlserver.converters.signed.nuspec = ..\NuGet.Signed\ServiceStack.OrmLite.SqlServer.Converters.Signed\servicestack.ormlite.sqlserver.converters.signed.nuspec
		..\NuGet.Signed\ServiceStack.OrmLite.SqlServer.Signed\servicestack.ormlite.sqlserver.signed.nuspec = ..\NuGet.Signed\ServiceStack.OrmLite.SqlServer.Signed\servicestack.ormlite.sqlserver.signed.nuspec
	EndProjectSection
EndProject
Project("{9A19103F-16F7-4668-BE54-9A1E7A4F7556}") = "ServiceStack.OrmLite.Signed", "ServiceStack.OrmLite\ServiceStack.OrmLite.Signed.csproj", "{D670047A-2680-4EDD-8DFD-F1C11941C7D2}"
EndProject
Project("{9A19103F-16F7-4668-BE54-9A1E7A4F7556}") = "ServiceStack.OrmLite.MySql.Signed", "ServiceStack.OrmLite.MySql\ServiceStack.OrmLite.MySql.Signed.csproj", "{652EA87C-2515-4237-9754-3C873CAE8E59}"
EndProject
Project("{9A19103F-16F7-4668-BE54-9A1E7A4F7556}") = "ServiceStack.OrmLite.Oracle.Signed", "ServiceStack.OrmLite.Oracle\ServiceStack.OrmLite.Oracle.Signed.csproj", "{53F7C106-6D4F-4E70-911F-4732CB419B18}"
EndProject
Project("{9A19103F-16F7-4668-BE54-9A1E7A4F7556}") = "ServiceStack.OrmLite.SqlServer.Signed", "ServiceStack.OrmLite.SqlServer\ServiceStack.OrmLite.SqlServer.Signed.csproj", "{FA1489C0-A759-480D-8168-97DE049A9A65}"
EndProject
Project("{9A19103F-16F7-4668-BE54-9A1E7A4F7556}") = "ServiceStack.OrmLite.SqlServer.Converters.Signed", "ServiceStack.OrmLite.SqlServer.Converters\ServiceStack.OrmLite.SqlServer.Converters.Signed.csproj", "{91744991-196B-440F-81A8-895AF9762A36}"
EndProject
Project("{9A19103F-16F7-4668-BE54-9A1E7A4F7556}") = "ServiceStack.OrmLite.Sqlite.Windows.Signed", "ServiceStack.OrmLite.Sqlite.Windows\ServiceStack.OrmLite.Sqlite.Windows.Signed.csproj", "{63193894-A28C-483E-B25D-1F6B7897BFA4}"
EndProject
Global
	GlobalSection(SolutionConfigurationPlatforms) = preSolution
		Debug|Any CPU = Debug|Any CPU
		Debug|Mixed Platforms = Debug|Mixed Platforms
		Debug|x64 = Debug|x64
		Debug|x86 = Debug|x86
		Default|Any CPU = Default|Any CPU
		Default|Mixed Platforms = Default|Mixed Platforms
		Default|x64 = Default|x64
		Default|x86 = Default|x86
		Release|Any CPU = Release|Any CPU
		Release|Mixed Platforms = Release|Mixed Platforms
		Release|x64 = Release|x64
		Release|x86 = Release|x86
		Signed|Any CPU = Signed|Any CPU
		Signed|Mixed Platforms = Signed|Mixed Platforms
		Signed|x64 = Signed|x64
		Signed|x86 = Signed|x86
	EndGlobalSection
	GlobalSection(ProjectConfigurationPlatforms) = postSolution
		{D670047A-2680-4EDD-8DFD-F1C11941C7D2}.Debug|Any CPU.ActiveCfg = Debug|Any CPU
		{D670047A-2680-4EDD-8DFD-F1C11941C7D2}.Debug|Any CPU.Build.0 = Debug|Any CPU
		{D670047A-2680-4EDD-8DFD-F1C11941C7D2}.Debug|Mixed Platforms.ActiveCfg = Debug|Any CPU
		{D670047A-2680-4EDD-8DFD-F1C11941C7D2}.Debug|Mixed Platforms.Build.0 = Debug|Any CPU
		{D670047A-2680-4EDD-8DFD-F1C11941C7D2}.Debug|x64.ActiveCfg = Debug|Any CPU
		{D670047A-2680-4EDD-8DFD-F1C11941C7D2}.Debug|x64.Build.0 = Debug|Any CPU
		{D670047A-2680-4EDD-8DFD-F1C11941C7D2}.Debug|x86.ActiveCfg = Debug|Any CPU
		{D670047A-2680-4EDD-8DFD-F1C11941C7D2}.Debug|x86.Build.0 = Debug|Any CPU
		{D670047A-2680-4EDD-8DFD-F1C11941C7D2}.Default|Any CPU.ActiveCfg = Debug|Any CPU
		{D670047A-2680-4EDD-8DFD-F1C11941C7D2}.Default|Any CPU.Build.0 = Debug|Any CPU
		{D670047A-2680-4EDD-8DFD-F1C11941C7D2}.Default|Mixed Platforms.ActiveCfg = Debug|Any CPU
		{D670047A-2680-4EDD-8DFD-F1C11941C7D2}.Default|Mixed Platforms.Build.0 = Debug|Any CPU
		{D670047A-2680-4EDD-8DFD-F1C11941C7D2}.Default|x64.ActiveCfg = Debug|Any CPU
		{D670047A-2680-4EDD-8DFD-F1C11941C7D2}.Default|x64.Build.0 = Debug|Any CPU
		{D670047A-2680-4EDD-8DFD-F1C11941C7D2}.Default|x86.ActiveCfg = Debug|Any CPU
		{D670047A-2680-4EDD-8DFD-F1C11941C7D2}.Default|x86.Build.0 = Debug|Any CPU
		{D670047A-2680-4EDD-8DFD-F1C11941C7D2}.Release|Any CPU.ActiveCfg = Release|Any CPU
		{D670047A-2680-4EDD-8DFD-F1C11941C7D2}.Release|Any CPU.Build.0 = Release|Any CPU
		{D670047A-2680-4EDD-8DFD-F1C11941C7D2}.Release|Mixed Platforms.ActiveCfg = Release|Any CPU
		{D670047A-2680-4EDD-8DFD-F1C11941C7D2}.Release|Mixed Platforms.Build.0 = Release|Any CPU
		{D670047A-2680-4EDD-8DFD-F1C11941C7D2}.Release|x64.ActiveCfg = Release|Any CPU
		{D670047A-2680-4EDD-8DFD-F1C11941C7D2}.Release|x64.Build.0 = Release|Any CPU
		{D670047A-2680-4EDD-8DFD-F1C11941C7D2}.Release|x86.ActiveCfg = Release|Any CPU
		{D670047A-2680-4EDD-8DFD-F1C11941C7D2}.Release|x86.Build.0 = Release|Any CPU
		{D670047A-2680-4EDD-8DFD-F1C11941C7D2}.Signed|Any CPU.ActiveCfg = Signed|Any CPU
		{D670047A-2680-4EDD-8DFD-F1C11941C7D2}.Signed|Any CPU.Build.0 = Signed|Any CPU
		{D670047A-2680-4EDD-8DFD-F1C11941C7D2}.Signed|Mixed Platforms.ActiveCfg = Release|Any CPU
		{D670047A-2680-4EDD-8DFD-F1C11941C7D2}.Signed|Mixed Platforms.Build.0 = Release|Any CPU
		{D670047A-2680-4EDD-8DFD-F1C11941C7D2}.Signed|x64.ActiveCfg = Release|Any CPU
		{D670047A-2680-4EDD-8DFD-F1C11941C7D2}.Signed|x64.Build.0 = Release|Any CPU
		{D670047A-2680-4EDD-8DFD-F1C11941C7D2}.Signed|x86.ActiveCfg = Release|Any CPU
		{D670047A-2680-4EDD-8DFD-F1C11941C7D2}.Signed|x86.Build.0 = Release|Any CPU
		{652EA87C-2515-4237-9754-3C873CAE8E59}.Debug|Any CPU.ActiveCfg = Debug|Any CPU
		{652EA87C-2515-4237-9754-3C873CAE8E59}.Debug|Any CPU.Build.0 = Debug|Any CPU
		{652EA87C-2515-4237-9754-3C873CAE8E59}.Debug|Mixed Platforms.ActiveCfg = Debug|Any CPU
		{652EA87C-2515-4237-9754-3C873CAE8E59}.Debug|Mixed Platforms.Build.0 = Debug|Any CPU
		{652EA87C-2515-4237-9754-3C873CAE8E59}.Debug|x64.ActiveCfg = Debug|Any CPU
		{652EA87C-2515-4237-9754-3C873CAE8E59}.Debug|x64.Build.0 = Debug|Any CPU
		{652EA87C-2515-4237-9754-3C873CAE8E59}.Debug|x86.ActiveCfg = Debug|Any CPU
		{652EA87C-2515-4237-9754-3C873CAE8E59}.Debug|x86.Build.0 = Debug|Any CPU
		{652EA87C-2515-4237-9754-3C873CAE8E59}.Default|Any CPU.ActiveCfg = Debug|Any CPU
		{652EA87C-2515-4237-9754-3C873CAE8E59}.Default|Any CPU.Build.0 = Debug|Any CPU
		{652EA87C-2515-4237-9754-3C873CAE8E59}.Default|Mixed Platforms.ActiveCfg = Debug|Any CPU
		{652EA87C-2515-4237-9754-3C873CAE8E59}.Default|Mixed Platforms.Build.0 = Debug|Any CPU
		{652EA87C-2515-4237-9754-3C873CAE8E59}.Default|x64.ActiveCfg = Debug|Any CPU
		{652EA87C-2515-4237-9754-3C873CAE8E59}.Default|x64.Build.0 = Debug|Any CPU
		{652EA87C-2515-4237-9754-3C873CAE8E59}.Default|x86.ActiveCfg = Debug|Any CPU
		{652EA87C-2515-4237-9754-3C873CAE8E59}.Default|x86.Build.0 = Debug|Any CPU
		{652EA87C-2515-4237-9754-3C873CAE8E59}.Release|Any CPU.ActiveCfg = Release|Any CPU
		{652EA87C-2515-4237-9754-3C873CAE8E59}.Release|Any CPU.Build.0 = Release|Any CPU
		{652EA87C-2515-4237-9754-3C873CAE8E59}.Release|Mixed Platforms.ActiveCfg = Release|Any CPU
		{652EA87C-2515-4237-9754-3C873CAE8E59}.Release|Mixed Platforms.Build.0 = Release|Any CPU
		{652EA87C-2515-4237-9754-3C873CAE8E59}.Release|x64.ActiveCfg = Release|Any CPU
		{652EA87C-2515-4237-9754-3C873CAE8E59}.Release|x64.Build.0 = Release|Any CPU
		{652EA87C-2515-4237-9754-3C873CAE8E59}.Release|x86.ActiveCfg = Release|Any CPU
		{652EA87C-2515-4237-9754-3C873CAE8E59}.Release|x86.Build.0 = Release|Any CPU
		{652EA87C-2515-4237-9754-3C873CAE8E59}.Signed|Any CPU.ActiveCfg = Signed|Any CPU
		{652EA87C-2515-4237-9754-3C873CAE8E59}.Signed|Any CPU.Build.0 = Signed|Any CPU
		{652EA87C-2515-4237-9754-3C873CAE8E59}.Signed|Mixed Platforms.ActiveCfg = Release|Any CPU
		{652EA87C-2515-4237-9754-3C873CAE8E59}.Signed|Mixed Platforms.Build.0 = Release|Any CPU
		{652EA87C-2515-4237-9754-3C873CAE8E59}.Signed|x64.ActiveCfg = Release|Any CPU
		{652EA87C-2515-4237-9754-3C873CAE8E59}.Signed|x64.Build.0 = Release|Any CPU
		{652EA87C-2515-4237-9754-3C873CAE8E59}.Signed|x86.ActiveCfg = Release|Any CPU
		{652EA87C-2515-4237-9754-3C873CAE8E59}.Signed|x86.Build.0 = Release|Any CPU
		{53F7C106-6D4F-4E70-911F-4732CB419B18}.Debug|Any CPU.ActiveCfg = Debug|Any CPU
		{53F7C106-6D4F-4E70-911F-4732CB419B18}.Debug|Any CPU.Build.0 = Debug|Any CPU
		{53F7C106-6D4F-4E70-911F-4732CB419B18}.Debug|Mixed Platforms.ActiveCfg = Debug|Any CPU
		{53F7C106-6D4F-4E70-911F-4732CB419B18}.Debug|Mixed Platforms.Build.0 = Debug|Any CPU
		{53F7C106-6D4F-4E70-911F-4732CB419B18}.Debug|x64.ActiveCfg = Debug|Any CPU
		{53F7C106-6D4F-4E70-911F-4732CB419B18}.Debug|x64.Build.0 = Debug|Any CPU
		{53F7C106-6D4F-4E70-911F-4732CB419B18}.Debug|x86.ActiveCfg = Debug|Any CPU
		{53F7C106-6D4F-4E70-911F-4732CB419B18}.Debug|x86.Build.0 = Debug|Any CPU
		{53F7C106-6D4F-4E70-911F-4732CB419B18}.Default|Any CPU.ActiveCfg = Debug|Any CPU
		{53F7C106-6D4F-4E70-911F-4732CB419B18}.Default|Any CPU.Build.0 = Debug|Any CPU
		{53F7C106-6D4F-4E70-911F-4732CB419B18}.Default|Mixed Platforms.ActiveCfg = Debug|Any CPU
		{53F7C106-6D4F-4E70-911F-4732CB419B18}.Default|Mixed Platforms.Build.0 = Debug|Any CPU
		{53F7C106-6D4F-4E70-911F-4732CB419B18}.Default|x64.ActiveCfg = Debug|Any CPU
		{53F7C106-6D4F-4E70-911F-4732CB419B18}.Default|x64.Build.0 = Debug|Any CPU
		{53F7C106-6D4F-4E70-911F-4732CB419B18}.Default|x86.ActiveCfg = Debug|Any CPU
		{53F7C106-6D4F-4E70-911F-4732CB419B18}.Default|x86.Build.0 = Debug|Any CPU
		{53F7C106-6D4F-4E70-911F-4732CB419B18}.Release|Any CPU.ActiveCfg = Release|Any CPU
		{53F7C106-6D4F-4E70-911F-4732CB419B18}.Release|Any CPU.Build.0 = Release|Any CPU
		{53F7C106-6D4F-4E70-911F-4732CB419B18}.Release|Mixed Platforms.ActiveCfg = Release|Any CPU
		{53F7C106-6D4F-4E70-911F-4732CB419B18}.Release|Mixed Platforms.Build.0 = Release|Any CPU
		{53F7C106-6D4F-4E70-911F-4732CB419B18}.Release|x64.ActiveCfg = Release|Any CPU
		{53F7C106-6D4F-4E70-911F-4732CB419B18}.Release|x64.Build.0 = Release|Any CPU
		{53F7C106-6D4F-4E70-911F-4732CB419B18}.Release|x86.ActiveCfg = Release|Any CPU
		{53F7C106-6D4F-4E70-911F-4732CB419B18}.Release|x86.Build.0 = Release|Any CPU
		{53F7C106-6D4F-4E70-911F-4732CB419B18}.Signed|Any CPU.ActiveCfg = Signed|Any CPU
		{53F7C106-6D4F-4E70-911F-4732CB419B18}.Signed|Any CPU.Build.0 = Signed|Any CPU
		{53F7C106-6D4F-4E70-911F-4732CB419B18}.Signed|Mixed Platforms.ActiveCfg = Release|Any CPU
		{53F7C106-6D4F-4E70-911F-4732CB419B18}.Signed|Mixed Platforms.Build.0 = Release|Any CPU
		{53F7C106-6D4F-4E70-911F-4732CB419B18}.Signed|x64.ActiveCfg = Release|Any CPU
		{53F7C106-6D4F-4E70-911F-4732CB419B18}.Signed|x64.Build.0 = Release|Any CPU
		{53F7C106-6D4F-4E70-911F-4732CB419B18}.Signed|x86.ActiveCfg = Release|Any CPU
		{53F7C106-6D4F-4E70-911F-4732CB419B18}.Signed|x86.Build.0 = Release|Any CPU
		{FA1489C0-A759-480D-8168-97DE049A9A65}.Debug|Any CPU.ActiveCfg = Debug|Any CPU
		{FA1489C0-A759-480D-8168-97DE049A9A65}.Debug|Any CPU.Build.0 = Debug|Any CPU
		{FA1489C0-A759-480D-8168-97DE049A9A65}.Debug|Mixed Platforms.ActiveCfg = Debug|Any CPU
		{FA1489C0-A759-480D-8168-97DE049A9A65}.Debug|Mixed Platforms.Build.0 = Debug|Any CPU
		{FA1489C0-A759-480D-8168-97DE049A9A65}.Debug|x64.ActiveCfg = Debug|Any CPU
		{FA1489C0-A759-480D-8168-97DE049A9A65}.Debug|x64.Build.0 = Debug|Any CPU
		{FA1489C0-A759-480D-8168-97DE049A9A65}.Debug|x86.ActiveCfg = Debug|Any CPU
		{FA1489C0-A759-480D-8168-97DE049A9A65}.Debug|x86.Build.0 = Debug|Any CPU
		{FA1489C0-A759-480D-8168-97DE049A9A65}.Default|Any CPU.ActiveCfg = Debug|Any CPU
		{FA1489C0-A759-480D-8168-97DE049A9A65}.Default|Any CPU.Build.0 = Debug|Any CPU
		{FA1489C0-A759-480D-8168-97DE049A9A65}.Default|Mixed Platforms.ActiveCfg = Debug|Any CPU
		{FA1489C0-A759-480D-8168-97DE049A9A65}.Default|Mixed Platforms.Build.0 = Debug|Any CPU
		{FA1489C0-A759-480D-8168-97DE049A9A65}.Default|x64.ActiveCfg = Debug|Any CPU
		{FA1489C0-A759-480D-8168-97DE049A9A65}.Default|x64.Build.0 = Debug|Any CPU
		{FA1489C0-A759-480D-8168-97DE049A9A65}.Default|x86.ActiveCfg = Debug|Any CPU
		{FA1489C0-A759-480D-8168-97DE049A9A65}.Default|x86.Build.0 = Debug|Any CPU
		{FA1489C0-A759-480D-8168-97DE049A9A65}.Release|Any CPU.ActiveCfg = Release|Any CPU
		{FA1489C0-A759-480D-8168-97DE049A9A65}.Release|Any CPU.Build.0 = Release|Any CPU
		{FA1489C0-A759-480D-8168-97DE049A9A65}.Release|Mixed Platforms.ActiveCfg = Release|Any CPU
		{FA1489C0-A759-480D-8168-97DE049A9A65}.Release|Mixed Platforms.Build.0 = Release|Any CPU
		{FA1489C0-A759-480D-8168-97DE049A9A65}.Release|x64.ActiveCfg = Release|Any CPU
		{FA1489C0-A759-480D-8168-97DE049A9A65}.Release|x64.Build.0 = Release|Any CPU
		{FA1489C0-A759-480D-8168-97DE049A9A65}.Release|x86.ActiveCfg = Release|Any CPU
		{FA1489C0-A759-480D-8168-97DE049A9A65}.Release|x86.Build.0 = Release|Any CPU
		{FA1489C0-A759-480D-8168-97DE049A9A65}.Signed|Any CPU.ActiveCfg = Signed|Any CPU
		{FA1489C0-A759-480D-8168-97DE049A9A65}.Signed|Any CPU.Build.0 = Signed|Any CPU
		{FA1489C0-A759-480D-8168-97DE049A9A65}.Signed|Mixed Platforms.ActiveCfg = Release|Any CPU
		{FA1489C0-A759-480D-8168-97DE049A9A65}.Signed|Mixed Platforms.Build.0 = Release|Any CPU
		{FA1489C0-A759-480D-8168-97DE049A9A65}.Signed|x64.ActiveCfg = Release|Any CPU
		{FA1489C0-A759-480D-8168-97DE049A9A65}.Signed|x64.Build.0 = Release|Any CPU
		{FA1489C0-A759-480D-8168-97DE049A9A65}.Signed|x86.ActiveCfg = Release|Any CPU
		{FA1489C0-A759-480D-8168-97DE049A9A65}.Signed|x86.Build.0 = Release|Any CPU
		{91744991-196B-440F-81A8-895AF9762A36}.Debug|Any CPU.ActiveCfg = Debug|Any CPU
		{91744991-196B-440F-81A8-895AF9762A36}.Debug|Any CPU.Build.0 = Debug|Any CPU
		{91744991-196B-440F-81A8-895AF9762A36}.Debug|Mixed Platforms.ActiveCfg = Debug|Any CPU
		{91744991-196B-440F-81A8-895AF9762A36}.Debug|Mixed Platforms.Build.0 = Debug|Any CPU
		{91744991-196B-440F-81A8-895AF9762A36}.Debug|x64.ActiveCfg = Debug|Any CPU
		{91744991-196B-440F-81A8-895AF9762A36}.Debug|x64.Build.0 = Debug|Any CPU
		{91744991-196B-440F-81A8-895AF9762A36}.Debug|x86.ActiveCfg = Debug|Any CPU
		{91744991-196B-440F-81A8-895AF9762A36}.Debug|x86.Build.0 = Debug|Any CPU
		{91744991-196B-440F-81A8-895AF9762A36}.Default|Any CPU.ActiveCfg = Debug|Any CPU
		{91744991-196B-440F-81A8-895AF9762A36}.Default|Any CPU.Build.0 = Debug|Any CPU
		{91744991-196B-440F-81A8-895AF9762A36}.Default|Mixed Platforms.ActiveCfg = Debug|Any CPU
		{91744991-196B-440F-81A8-895AF9762A36}.Default|Mixed Platforms.Build.0 = Debug|Any CPU
		{91744991-196B-440F-81A8-895AF9762A36}.Default|x64.ActiveCfg = Debug|Any CPU
		{91744991-196B-440F-81A8-895AF9762A36}.Default|x64.Build.0 = Debug|Any CPU
		{91744991-196B-440F-81A8-895AF9762A36}.Default|x86.ActiveCfg = Debug|Any CPU
		{91744991-196B-440F-81A8-895AF9762A36}.Default|x86.Build.0 = Debug|Any CPU
		{91744991-196B-440F-81A8-895AF9762A36}.Release|Any CPU.ActiveCfg = Release|Any CPU
		{91744991-196B-440F-81A8-895AF9762A36}.Release|Any CPU.Build.0 = Release|Any CPU
		{91744991-196B-440F-81A8-895AF9762A36}.Release|Mixed Platforms.ActiveCfg = Release|Any CPU
		{91744991-196B-440F-81A8-895AF9762A36}.Release|Mixed Platforms.Build.0 = Release|Any CPU
		{91744991-196B-440F-81A8-895AF9762A36}.Release|x64.ActiveCfg = Release|Any CPU
		{91744991-196B-440F-81A8-895AF9762A36}.Release|x64.Build.0 = Release|Any CPU
		{91744991-196B-440F-81A8-895AF9762A36}.Release|x86.ActiveCfg = Release|Any CPU
		{91744991-196B-440F-81A8-895AF9762A36}.Release|x86.Build.0 = Release|Any CPU
		{91744991-196B-440F-81A8-895AF9762A36}.Signed|Any CPU.ActiveCfg = Signed|Any CPU
		{91744991-196B-440F-81A8-895AF9762A36}.Signed|Any CPU.Build.0 = Signed|Any CPU
		{91744991-196B-440F-81A8-895AF9762A36}.Signed|Mixed Platforms.ActiveCfg = Release|Any CPU
		{91744991-196B-440F-81A8-895AF9762A36}.Signed|Mixed Platforms.Build.0 = Release|Any CPU
		{91744991-196B-440F-81A8-895AF9762A36}.Signed|x64.ActiveCfg = Release|Any CPU
		{91744991-196B-440F-81A8-895AF9762A36}.Signed|x64.Build.0 = Release|Any CPU
		{91744991-196B-440F-81A8-895AF9762A36}.Signed|x86.ActiveCfg = Release|Any CPU
		{91744991-196B-440F-81A8-895AF9762A36}.Signed|x86.Build.0 = Release|Any CPU
		{63193894-A28C-483E-B25D-1F6B7897BFA4}.Debug|Any CPU.ActiveCfg = Debug|Any CPU
		{63193894-A28C-483E-B25D-1F6B7897BFA4}.Debug|Any CPU.Build.0 = Debug|Any CPU
		{63193894-A28C-483E-B25D-1F6B7897BFA4}.Debug|Mixed Platforms.ActiveCfg = Debug|Any CPU
		{63193894-A28C-483E-B25D-1F6B7897BFA4}.Debug|Mixed Platforms.Build.0 = Debug|Any CPU
		{63193894-A28C-483E-B25D-1F6B7897BFA4}.Debug|x64.ActiveCfg = Debug|Any CPU
		{63193894-A28C-483E-B25D-1F6B7897BFA4}.Debug|x64.Build.0 = Debug|Any CPU
		{63193894-A28C-483E-B25D-1F6B7897BFA4}.Debug|x86.ActiveCfg = Debug|Any CPU
		{63193894-A28C-483E-B25D-1F6B7897BFA4}.Debug|x86.Build.0 = Debug|Any CPU
		{63193894-A28C-483E-B25D-1F6B7897BFA4}.Default|Any CPU.ActiveCfg = Debug|Any CPU
		{63193894-A28C-483E-B25D-1F6B7897BFA4}.Default|Any CPU.Build.0 = Debug|Any CPU
		{63193894-A28C-483E-B25D-1F6B7897BFA4}.Default|Mixed Platforms.ActiveCfg = Debug|Any CPU
		{63193894-A28C-483E-B25D-1F6B7897BFA4}.Default|Mixed Platforms.Build.0 = Debug|Any CPU
		{63193894-A28C-483E-B25D-1F6B7897BFA4}.Default|x64.ActiveCfg = Debug|Any CPU
		{63193894-A28C-483E-B25D-1F6B7897BFA4}.Default|x64.Build.0 = Debug|Any CPU
		{63193894-A28C-483E-B25D-1F6B7897BFA4}.Default|x86.ActiveCfg = Debug|Any CPU
		{63193894-A28C-483E-B25D-1F6B7897BFA4}.Default|x86.Build.0 = Debug|Any CPU
		{63193894-A28C-483E-B25D-1F6B7897BFA4}.Release|Any CPU.ActiveCfg = Release|Any CPU
		{63193894-A28C-483E-B25D-1F6B7897BFA4}.Release|Any CPU.Build.0 = Release|Any CPU
		{63193894-A28C-483E-B25D-1F6B7897BFA4}.Release|Mixed Platforms.ActiveCfg = Release|Any CPU
		{63193894-A28C-483E-B25D-1F6B7897BFA4}.Release|Mixed Platforms.Build.0 = Release|Any CPU
		{63193894-A28C-483E-B25D-1F6B7897BFA4}.Release|x64.ActiveCfg = Release|Any CPU
		{63193894-A28C-483E-B25D-1F6B7897BFA4}.Release|x64.Build.0 = Release|Any CPU
		{63193894-A28C-483E-B25D-1F6B7897BFA4}.Release|x86.ActiveCfg = Release|Any CPU
		{63193894-A28C-483E-B25D-1F6B7897BFA4}.Release|x86.Build.0 = Release|Any CPU
		{63193894-A28C-483E-B25D-1F6B7897BFA4}.Signed|Any CPU.ActiveCfg = Signed|Any CPU
		{63193894-A28C-483E-B25D-1F6B7897BFA4}.Signed|Any CPU.Build.0 = Signed|Any CPU
		{63193894-A28C-483E-B25D-1F6B7897BFA4}.Signed|Mixed Platforms.ActiveCfg = Signed|Any CPU
		{63193894-A28C-483E-B25D-1F6B7897BFA4}.Signed|Mixed Platforms.Build.0 = Signed|Any CPU
		{63193894-A28C-483E-B25D-1F6B7897BFA4}.Signed|x64.ActiveCfg = Signed|Any CPU
		{63193894-A28C-483E-B25D-1F6B7897BFA4}.Signed|x64.Build.0 = Signed|Any CPU
		{63193894-A28C-483E-B25D-1F6B7897BFA4}.Signed|x86.ActiveCfg = Signed|Any CPU
		{63193894-A28C-483E-B25D-1F6B7897BFA4}.Signed|x86.Build.0 = Signed|Any CPU
	EndGlobalSection
	GlobalSection(SolutionProperties) = preSolution
		HideSolutionNode = FALSE
	EndGlobalSection
	GlobalSection(MonoDevelopProperties) = preSolution
		StartupItem = ServiceStack.OrmLite.Sqlite\ServiceStack.OrmLite.Sqlite.csproj
	EndGlobalSection
EndGlobal
